{
  "renv": {
    "Version": "0.14.0"
  },
  "R": {
    "Version": "3.6.1",
    "Repositories": [
      {
        "Name": "CRAN",
        "URL": "https://cran.rstudio.com"
      }
    ]
  },
  "Bioconductor": {
    "Repositories": [
      {
        "Name": "BioCsoft",
        "URL": "https://bioconductor.org/packages/3.10/bioc"
      },
      {
        "Name": "BioCann",
        "URL": "https://bioconductor.org/packages/3.10/data/annotation"
      },
      {
        "Name": "BioCexp",
        "URL": "https://bioconductor.org/packages/3.10/data/experiment"
      },
      {
        "Name": "BioCworkflows",
        "URL": "https://bioconductor.org/packages/3.10/workflows"
      },
      {
        "Name": "CRAN",
        "URL": "https://cran.rstudio.com/"
      }
    ]
  },
  "Packages": {
    "AsioHeaders": {
      "Package": "AsioHeaders",
      "Version": "1.16.1-1",
      "Source": "CRAN",
      "Hash": "08313c650202ac3897b06349d1015459"
    },
    "BH": {
      "Package": "BH",
      "Version": "1.75.0-0",
      "Source": "CRAN",
      "Hash": "3b80e3b771e4fadff727753bb30afd46"
    },
    "CaPO4Sim": {
      "Package": "CaPO4Sim",
      "Version": "0.2.0",
      "Source": "CRAN",
      "Hash": "14c5effbb7231c2053f0d755f50f3ab3"
    },
    "DBI": {
      "Package": "DBI",
      "Version": "1.1.1",
      "Source": "CRAN",
      "Hash": "fc0fe83af5d68b8696731cb80b43bdfc"
    },
    "DT": {
      "Package": "DT",
      "Version": "0.17",
      "Source": "CRAN",
      "Hash": "883977677cd195e277dc0590df3b6867"
    },
    "MASS": {
      "Package": "MASS",
      "Version": "7.3-53",
      "Source": "CRAN",
      "Hash": "21e457ef30f030c671f41bc024d503e1"
    },
    "Matrix": {
      "Package": "Matrix",
      "Version": "1.3-2",
      "Source": "CRAN",
      "Hash": "2ec7c82c4e95814f6492e21a68c09c09"
    },
    "OSUICode": {
      "Package": "OSUICode",
      "Version": "0.0.0.9000",
      "Source": "GitHub",
      "RemoteType": "github",
      "RemoteHost": "api.github.com",
      "RemoteRepo": "OSUICode",
      "RemoteUsername": "DivadNojnarg",
      "RemoteRef": "HEAD",
      "RemoteSha": "4253e1b23884117c09eb3a196d584b17a01966c2",
      "Hash": "61c8588a0b13121a1347babfcfcbd9f6"
    },
    "R.cache": {
      "Package": "R.cache",
      "Version": "0.14.0",
      "Source": "CRAN",
      "Hash": "84c408108762a148a54998304d9c29ab"
    },
    "R.methodsS3": {
      "Package": "R.methodsS3",
      "Version": "1.8.1",
      "Source": "CRAN",
      "Hash": "f0a895d8cdf0757b002af071c6e754d1"
    },
    "R.oo": {
      "Package": "R.oo",
      "Version": "1.24.0",
      "Source": "CRAN",
      "Hash": "e300db4432d676a7cdf6b9ce11bb9044"
    },
    "R.utils": {
      "Package": "R.utils",
      "Version": "2.10.1",
      "Source": "CRAN",
      "Hash": "5547db2faa76aeb9e7160151319cd3c9"
    },
    "R6": {
      "Package": "R6",
      "Version": "2.5.1",
      "Source": "CRAN",
      "Hash": "eab2da9274da5413c86a5e6d6c32a008"
    },
    "RColorBrewer": {
      "Package": "RColorBrewer",
      "Version": "1.1-2",
      "Source": "CRAN",
      "Hash": "f8a3bcc800d613797f1dfdf8ef4f0bfc"
    },
    "RPostgres": {
      "Package": "RPostgres",
      "Version": "1.3.1",
      "Source": "CRAN",
      "Hash": "cf9b5ac6bb2976503f0442a5407220e9"
    },
    "RSQLite": {
      "Package": "RSQLite",
      "Version": "2.2.3",
      "Source": "CRAN",
      "Hash": "10c98831e701081b22b4eaa23bde5a2d"
    },
    "Rcpp": {
      "Package": "Rcpp",
      "Version": "1.0.7",
      "Source": "CRAN",
      "Hash": "d3b7dfbd4b2ef7b2568c143496d133d8"
    },
    "RcppCCTZ": {
      "Package": "RcppCCTZ",
      "Version": "0.2.9",
      "Source": "CRAN",
      "Hash": "9bed7194bc9f350cd40b1a0516d60d99"
    },
    "RcppDate": {
      "Package": "RcppDate",
      "Version": "0.0.1",
      "Source": "CRAN",
      "Hash": "4abe9b89a3881f3a04a38db2b1bfe620"
    },
    "V8": {
      "Package": "V8",
      "Version": "3.4.0",
      "Source": "CRAN",
      "Hash": "727cede78f7346940a5826613e53c49d"
    },
    "XML": {
      "Package": "XML",
      "Version": "3.99-0.3",
      "Source": "CRAN",
      "Hash": "90371ffaf5a83a53a9aa4dd033f618cc"
    },
    "anytime": {
      "Package": "anytime",
      "Version": "0.3.9",
      "Source": "CRAN",
      "Hash": "1665d56d3f37481270b21232d8301c75"
    },
    "apexcharter": {
      "Package": "apexcharter",
      "Version": "0.1.8",
      "Source": "CRAN",
      "Hash": "6a3ca3c4f45cf0bb1488689ea4e8001c"
    },
    "askpass": {
      "Package": "askpass",
      "Version": "1.1",
      "Source": "CRAN",
      "Hash": "46678e19f261db289be40292d8e5d5bf"
    },
    "assertthat": {
      "Package": "assertthat",
      "Version": "0.2.1",
      "Source": "CRAN",
      "Hash": "19fb3d0ad048b4eb1a05cacffbae1f66"
    },
    "attempt": {
      "Package": "attempt",
      "Version": "0.3.1",
      "Source": "CRAN",
      "Hash": "80c99e2ca76ce7b8b9ee95ba73d57085"
    },
    "backports": {
      "Package": "backports",
      "Version": "1.2.1",
      "Source": "CRAN",
      "Hash": "f389b3fd656325dc44c3b196caf4832b"
    },
    "base64enc": {
      "Package": "base64enc",
      "Version": "0.1-3",
      "Source": "CRAN",
      "Hash": "d355963b4b1c3039bfe8d65611a11cca"
    },
    "bit": {
      "Package": "bit",
      "Version": "4.0.4",
      "Source": "CRAN",
      "Hash": "ace7fa37cd5139b1ab9181613e12e792"
    },
    "bit64": {
      "Package": "bit64",
      "Version": "4.0.5",
      "Source": "CRAN",
      "Hash": "4934930fdb6c0aed97617a2ba9d57293"
    },
    "blaze": {
      "Package": "blaze",
      "Version": "0.0.1",
      "Source": "GitHub",
      "RemoteType": "github",
      "RemoteHost": "api.github.com",
      "RemoteRepo": "blaze",
      "RemoteUsername": "nteetor",
      "RemoteRef": "HEAD",
      "RemoteSha": "0adb2ec4b4625f081bddd3fcd3389a7fa92a97dd",
      "Hash": "b1032b4926d77af8103b632929330cf2"
    },
    "blob": {
      "Package": "blob",
      "Version": "1.2.1",
      "Source": "CRAN",
      "Hash": "f71218b9815f8e6cfdfb9359287d1167"
    },
    "blogdown": {
      "Package": "blogdown",
      "Version": "1.1",
      "Source": "CRAN",
      "Hash": "f9981cb0b4b590debe176fb4efbf2fe3"
    },
    "bookdown": {
      "Package": "bookdown",
      "Version": "0.21.6",
      "Source": "GitHub",
      "Remotes": "rstudio/bslib, rstudio/rmarkdown, r-lib/downlit",
      "RemoteType": "github",
      "RemoteHost": "api.github.com",
      "RemoteRepo": "bookdown",
      "RemoteUsername": "rstudio",
      "RemoteRef": "HEAD",
      "RemoteSha": "11bedc80e1bab09a308167a28f98bd7873a78216",
      "Hash": "d70b368f1421bc76c11a550b1cd863c0"
    },
    "brew": {
      "Package": "brew",
      "Version": "1.0-6",
      "Source": "CRAN",
      "Hash": "190fd31e9253446523a8ee4642229516"
    },
    "brio": {
      "Package": "brio",
      "Version": "1.1.1",
      "Source": "CRAN",
      "Hash": "afcb6c056a781ade629058e764293868"
    },
    "brochure": {
      "Package": "brochure",
      "Version": "0.0.0.9020",
      "Source": "GitHub",
      "RemoteType": "github",
      "RemoteHost": "api.github.com",
      "RemoteRepo": "brochure",
      "RemoteUsername": "ColinFay",
      "RemoteRef": "HEAD",
      "RemoteSha": "33a1c2fe59e5ec43cb800bc0864eb388638eefd9",
      "Hash": "eff278ba5381ce8adb7cc34c784e4fe7"
    },
    "bs4Dash": {
      "Package": "bs4Dash",
      "Version": "2.0.3",
      "Source": "CRAN",
      "Hash": "bdd80f14e711b820d1e18853f2ba3fdf"
    },
    "bslib": {
      "Package": "bslib",
      "Version": "0.3.0",
      "Source": "CRAN",
      "Hash": "afe2c6b1548d35d01358c176a9a2614f"
    },
    "cachem": {
      "Package": "cachem",
      "Version": "1.0.6",
      "Source": "CRAN",
      "Hash": "e05a113ac791bee91df7258c3e3b5194"
    },
    "callr": {
      "Package": "callr",
      "Version": "3.7.0",
      "Source": "CRAN",
      "Hash": "c77f9e4a9303c15d6bb8aed342160319"
    },
    "charpente": {
      "Package": "charpente",
      "Version": "0.0.0.9000",
      "Source": "GitHub",
      "Remotes": "ThinkR-open/golem@dev, JohnCoene/npm",
      "RemoteType": "github",
      "RemoteHost": "api.github.com",
      "RemoteRepo": "charpente",
      "RemoteUsername": "RinteRface",
      "RemoteRef": "HEAD",
      "RemoteSha": "6e364423ebedf968d220dc5e1517ad5943a518b9",
      "Hash": "b5329338fc68b8581e47bedc6ff75b0b"
    },
    "cli": {
      "Package": "cli",
      "Version": "3.0.1",
      "Source": "CRAN",
      "Hash": "4a917e556c50514009788852f0418fc4"
    },
    "clipr": {
      "Package": "clipr",
      "Version": "0.7.1",
      "Source": "CRAN",
      "Hash": "b12c953ae27f3af35208bfd5bdb0d76d"
    },
    "codetools": {
      "Package": "codetools",
      "Version": "0.2-18",
      "Source": "CRAN",
      "Hash": "82360444e0c51f57c835eafc625dce7f"
    },
    "colorspace": {
      "Package": "colorspace",
      "Version": "2.0-0",
      "Source": "CRAN",
      "Hash": "67d63fd02ecf7a75b9827ffb9a6f4124"
    },
    "commonmark": {
      "Package": "commonmark",
      "Version": "1.7",
      "Source": "CRAN",
      "Hash": "af7f698e0328e0474f794452177deca6"
    },
    "config": {
      "Package": "config",
      "Version": "0.3.1",
      "Source": "CRAN",
      "Hash": "f6e96ff675fc2ca6b12c6d82e075a738"
    },
    "cpp11": {
      "Package": "cpp11",
      "Version": "0.2.7",
      "Source": "CRAN",
      "Hash": "cdf349c71178350451503261418767f0"
    },
    "crayon": {
      "Package": "crayon",
      "Version": "1.4.1",
      "Source": "CRAN",
      "Hash": "57b0eeb0d097edcda92a3140c7e68a29"
    },
    "credentials": {
      "Package": "credentials",
      "Version": "1.3.0",
      "Source": "CRAN",
      "Hash": "96565125f7a908c3b616784bb5fabe19"
    },
    "crosstalk": {
      "Package": "crosstalk",
      "Version": "1.1.1",
      "Source": "CRAN",
      "Hash": "22693213b7df51dcac4b4f3ee45f4cee"
    },
    "curl": {
      "Package": "curl",
      "Version": "4.3",
      "Source": "CRAN",
      "Hash": "f42ae4b12d342a357cc551ca1ecd8cc1"
    },
    "data.table": {
      "Package": "data.table",
      "Version": "1.13.6",
      "Source": "CRAN",
      "Hash": "e6a8cfce23e5543880495a64b49860a3"
    },
    "deminR": {
      "Package": "deminR",
      "Version": "0.0.0.9000",
      "Source": "GitHub",
      "Remotes": "RinteRface/shinyMobile, hadley/emo, JohnCoene/sever,\nDivadNojnarg/glouton, RinteRface/mobileCharts, rstudio/shiny",
      "RemoteType": "github",
      "RemoteHost": "api.github.com",
      "RemoteRepo": "deminR",
      "RemoteUsername": "DivadNojnarg",
      "RemoteRef": "HEAD",
      "RemoteSha": "e0bf6656ce9c55a5c8379a6628f4e39437588a66",
      "Hash": "6b6a88015227f6cfd188179e0599f292"
    },
    "desc": {
      "Package": "desc",
      "Version": "1.3.0",
      "Source": "CRAN",
      "Hash": "bd869739ffa06e83b50143e2113f21d8"
    },
    "devtools": {
      "Package": "devtools",
      "Version": "2.4.1",
      "Source": "CRAN",
      "Hash": "05726f598bdf493fc14a22d7f6b9aba5"
    },
    "diffobj": {
      "Package": "diffobj",
      "Version": "0.3.3",
      "Source": "CRAN",
      "Hash": "9431bc8427fa4d891e879fa68b5f0945"
    },
    "digest": {
      "Package": "digest",
      "Version": "0.6.27",
      "Source": "CRAN",
      "Hash": "a66c3fa405398faffe842f9a0537a3b5"
    },
    "doParallel": {
      "Package": "doParallel",
      "Version": "1.0.16",
      "Source": "CRAN",
      "Hash": "ebb6051772c1c67da95ea3ed0ddd681f"
    },
    "dockerfiler": {
      "Package": "dockerfiler",
      "Version": "0.1.3",
      "Source": "CRAN",
      "Hash": "2fa7e591556180db4964ea761268af7c"
    },
    "downlit": {
      "Package": "downlit",
      "Version": "0.2.1",
      "Source": "CRAN",
      "Hash": "ee325e208105d5e697589151f3aa1768"
    },
    "dplyr": {
      "Package": "dplyr",
      "Version": "1.0.3",
      "Source": "CRAN",
      "Hash": "93cf7186ab5d843e0be486d22bfc9082"
    },
    "ellipsis": {
      "Package": "ellipsis",
      "Version": "0.3.2",
      "Source": "CRAN",
      "Hash": "ba830013fe84f6df7ca886d3fcf8c48b"
    },
    "emo": {
      "Package": "emo",
      "Version": "0.0.0.9000",
      "Source": "GitHub",
      "RemoteType": "github",
      "RemoteHost": "api.github.com",
      "RemoteRepo": "emo",
      "RemoteUsername": "hadley",
      "RemoteRef": "master",
      "RemoteSha": "3f03b11491ce3d6fc5601e210927eff73bf8e350",
      "Hash": "694ecb79904d7337aa366e09be9be791"
    },
    "erratum": {
      "Package": "erratum",
      "Version": "2.1.0",
      "Source": "GitHub",
      "RemoteType": "github",
      "RemoteHost": "api.github.com",
      "RemoteRepo": "erratum",
      "RemoteUsername": "devopifex",
      "RemoteRef": "HEAD",
      "RemoteSha": "327f1982b58d92c07d39b7c6d85b7445d1d1bb7b",
      "Hash": "6be03b4ede901ce89d04df6d6cbb6648"
    },
    "evaluate": {
      "Package": "evaluate",
      "Version": "0.14",
      "Source": "CRAN",
      "Hash": "5a6c1949963e0785dbcbb0556337d61e"
    },
    "fansi": {
      "Package": "fansi",
      "Version": "0.4.2",
      "Source": "CRAN",
      "Hash": "141b801a904c830b99006de1626b80b1"
    },
    "farver": {
      "Package": "farver",
      "Version": "2.0.3",
      "Source": "CRAN",
      "Hash": "d160fb3aafcea6c21123814221c74df4"
    },
    "fastmap": {
      "Package": "fastmap",
      "Version": "1.1.0",
      "Source": "CRAN",
      "Hash": "767899e48a502e5b6f94743aeb3104e3"
    },
    "foreach": {
      "Package": "foreach",
      "Version": "1.5.1",
      "Source": "CRAN",
      "Hash": "faccec73f10bef3160dc0479326e5dcb"
    },
    "fresh": {
      "Package": "fresh",
      "Version": "0.2.0",
      "Source": "CRAN",
      "Hash": "ec9e538cf2d4dd86ff130d56ddd4b089"
    },
    "fs": {
      "Package": "fs",
      "Version": "1.5.0",
      "Source": "CRAN",
      "Hash": "21ddd82ae8bf5f779364562e099c9fd1"
    },
    "generics": {
      "Package": "generics",
      "Version": "0.1.0",
      "Source": "CRAN",
      "Hash": "28e9231b8cb913cd6dc9e89f47512709"
    },
    "gert": {
      "Package": "gert",
      "Version": "1.0.2",
      "Source": "CRAN",
      "Hash": "25029a242ed8c1e58d3b60e518c64cbe"
    },
    "ggplot2": {
      "Package": "ggplot2",
      "Version": "3.3.3",
      "Source": "CRAN",
      "Hash": "96938536a341f758bb4457f2d7b2f358"
    },
    "gh": {
      "Package": "gh",
      "Version": "1.2.0",
      "Source": "CRAN",
      "Hash": "745b2f22a93d18f1f5dd3210e4f3a1e0"
    },
    "gitcreds": {
      "Package": "gitcreds",
      "Version": "0.1.1",
      "Source": "CRAN",
      "Hash": "9223929e2b81ac6f857bd672e0c2be77"
    },
    "glouton": {
      "Package": "glouton",
      "Version": "0.0.0.9000",
      "Source": "GitHub",
      "RemoteType": "github",
      "RemoteHost": "api.github.com",
      "RemoteRepo": "glouton",
      "RemoteUsername": "DivadNojnarg",
      "RemoteRef": "HEAD",
      "RemoteSha": "3bd298f07aefc6570e3c8b87731ef8804d5c91f4",
      "Hash": "54fa5dba7ed49d81b69eff94612e80bf"
    },
    "glue": {
      "Package": "glue",
      "Version": "1.4.2",
      "Source": "CRAN",
      "Hash": "01038a74a3512dd5e05fa04cbce06c6d"
    },
    "golem": {
      "Package": "golem",
      "Version": "0.3.1",
      "Source": "CRAN",
      "Hash": "3f5fb89abd353ee398c356e09c2f8218"
    },
    "gridExtra": {
      "Package": "gridExtra",
      "Version": "2.3",
      "Source": "CRAN",
      "Hash": "4626f6a59a3b1095e7bdc7bd02a3107f"
    },
    "gtable": {
      "Package": "gtable",
      "Version": "0.3.0",
      "Source": "CRAN",
      "Hash": "6a58b2980a57345822ec5f9c7d2d1751"
    },
    "here": {
      "Package": "here",
      "Version": "1.0.1",
      "Source": "CRAN",
      "Hash": "fb517d66473360c731b71d7141212919"
    },
    "highr": {
      "Package": "highr",
      "Version": "0.8",
      "Source": "CRAN",
      "Hash": "43e36bc8bca1d8256f86933659c46349"
    },
    "hms": {
      "Package": "hms",
      "Version": "1.0.0",
      "Source": "CRAN",
      "Hash": "75189f3cfef85b88298038ad7a0d6c10"
    },
    "htmltools": {
      "Package": "htmltools",
      "Version": "0.5.2",
      "Source": "CRAN",
      "Hash": "1dd1188fa9e691bbaa294967eb61496f"
    },
    "htmlwidgets": {
      "Package": "htmlwidgets",
      "Version": "1.5.3",
      "Source": "CRAN",
      "Hash": "fd31531527477f011afed46cbc181ac4"
    },
    "httpuv": {
      "Package": "httpuv",
      "Version": "1.6.3",
      "Source": "CRAN",
      "Hash": "df9aced25eb686b9a025ee9564100bb2"
    },
    "httr": {
      "Package": "httr",
      "Version": "1.4.2",
      "Source": "CRAN",
      "Hash": "2082e4e3adfb1f1dbd4e7c57ca5449e9"
    },
    "ini": {
      "Package": "ini",
      "Version": "0.3.1",
      "Source": "CRAN",
      "Hash": "4a15d8cfc931554fb2e71d66c1313b45"
    },
    "isoband": {
      "Package": "isoband",
      "Version": "0.2.3",
      "Source": "CRAN",
      "Hash": "553e9e9c7463ebf7b7cd41b369be8755"
    },
    "iterators": {
      "Package": "iterators",
      "Version": "1.0.13",
      "Source": "CRAN",
      "Hash": "ecd21118aa1ac3bdf58ec9eac0b2a40f"
    },
    "jquerylib": {
      "Package": "jquerylib",
      "Version": "0.1.4",
      "Source": "GitHub",
      "RemoteType": "github",
      "RemoteHost": "api.github.com",
      "RemoteRepo": "jquerylib",
      "RemoteUsername": "rstudio",
      "RemoteRef": "HEAD",
      "RemoteSha": "52770cbc436f7c1e5ac03c070096c437cc34dab6",
      "Hash": "3d1227dea0717868d961c5924a63ec30"
    },
    "jsonlite": {
      "Package": "jsonlite",
      "Version": "1.7.2",
      "Source": "CRAN",
      "Hash": "07b2e94b17b32eac2d084d4e92282bc0"
    },
    "jstools": {
      "Package": "jstools",
      "Version": "0.1.0",
      "Source": "GitHub",
      "RemoteType": "github",
      "RemoteHost": "api.github.com",
      "RemoteRepo": "jstools",
      "RemoteUsername": "dreamRs",
      "RemoteRef": "HEAD",
      "RemoteSha": "5689973c93381636f01228dc0fc35e73233b8495",
      "Hash": "3dfedc37c845466d50073ddb2fc78f38"
    },
    "knitr": {
      "Package": "knitr",
      "Version": "1.33",
      "Source": "CRAN",
      "Hash": "9890af9177bf0b3fd741852334717dd6"
    },
    "labeling": {
      "Package": "labeling",
      "Version": "0.4.2",
      "Source": "CRAN",
      "Hash": "b87c5218a5e8e6c998f5b84db73a452f"
    },
    "later": {
      "Package": "later",
      "Version": "1.3.0",
      "Source": "CRAN",
      "Hash": "8439e9467633de0a7db7fab0abd14684"
    },
    "lattice": {
      "Package": "lattice",
      "Version": "0.20-41",
      "Source": "CRAN",
      "Hash": "74807580bdbecab0b1f2e14f38b75ec1"
    },
    "lazyeval": {
      "Package": "lazyeval",
      "Version": "0.2.2",
      "Source": "CRAN",
      "Hash": "d2f5e98b8b7ae633e252830c3243c2ab"
    },
    "leaflet": {
      "Package": "leaflet",
      "Version": "2.0.4.1",
      "Source": "CRAN",
      "Hash": "86f25798745d6fa835448933cccc052d"
    },
    "leaflet.providers": {
      "Package": "leaflet.providers",
      "Version": "1.9.0",
      "Source": "CRAN",
      "Hash": "d470154d0a62b443fdaaf901436dc274"
    },
    "lifecycle": {
      "Package": "lifecycle",
      "Version": "1.0.0",
      "Source": "CRAN",
      "Hash": "0f6e70d6fae0d9fd3964e569b8cc841d"
    },
    "logger": {
      "Package": "logger",
      "Version": "0.2.0",
      "Source": "CRAN",
      "Hash": "4386147e374fa1a314c90917fd6f434c"
    },
    "lubridate": {
      "Package": "lubridate",
      "Version": "1.7.9.2",
      "Source": "CRAN",
      "Hash": "1bbfabfdb495b26978f6a59907bc2002"
    },
    "magrittr": {
      "Package": "magrittr",
      "Version": "2.0.1",
      "Source": "CRAN",
      "Hash": "12b02fd638c067f8d9b9bc25b27c09a7"
    },
    "markdown": {
      "Package": "markdown",
      "Version": "1.1",
      "Source": "CRAN",
      "Hash": "80e1f73841614fa35f82a85d66fb41da"
    },
    "memoise": {
      "Package": "memoise",
      "Version": "2.0.0",
      "Source": "CRAN",
      "Hash": "9ee46179648273b700037b6c797cde60"
    },
    "mgcv": {
      "Package": "mgcv",
      "Version": "1.8-33",
      "Source": "CRAN",
      "Hash": "dfd5fd938413685b1e061ae204c6ca50"
    },
    "mime": {
      "Package": "mime",
      "Version": "0.11",
      "Source": "CRAN",
      "Hash": "772bb02d4593529f22859bab95cacbb5"
    },
    "mobileCharts": {
      "Package": "mobileCharts",
      "Version": "0.0.1",
      "Source": "GitHub",
      "RemoteType": "github",
      "RemoteHost": "api.github.com",
      "RemoteRepo": "mobileCharts",
      "RemoteUsername": "RinteRface",
      "RemoteRef": "HEAD",
      "RemoteSha": "ece3a75fadbcf74ed812fb24dd410e6f721bf29c",
      "Hash": "4686e58e5c3df1252822c9eab6197536"
    },
    "munsell": {
      "Package": "munsell",
      "Version": "0.5.0",
      "Source": "CRAN",
      "Hash": "9111af6c6dec65538ebd3de6c0bae864"
    },
    "nanotime": {
      "Package": "nanotime",
      "Version": "0.3.2",
      "Source": "CRAN",
      "Hash": "9d89ade9d7be2e68e2eb66905270955d"
    },
    "nlme": {
      "Package": "nlme",
      "Version": "3.1-151",
      "Source": "CRAN",
      "Hash": "7622c403042dbec60e824c2162cce787"
    },
    "npm": {
      "Package": "npm",
      "Version": "1.0.0.9000",
      "Source": "GitHub",
      "Remotes": "devOpifex/erratum",
      "RemoteType": "github",
      "RemoteHost": "api.github.com",
      "RemoteRepo": "npm",
      "RemoteUsername": "JohnCoene",
      "RemoteRef": "HEAD",
      "RemoteSha": "00f1869720212ec498a5fda0eabebd2ac9fd4ea5",
      "Hash": "caf0d018b58d2f03ca541b942ec32519"
    },
    "openssl": {
      "Package": "openssl",
      "Version": "1.4.3",
      "Source": "CRAN",
      "Hash": "c3656e8db85f8e886454bce33f21e6f6"
    },
    "packer": {
      "Package": "packer",
      "Version": "0.0.6",
      "Source": "CRAN",
      "Hash": "f9c2b2dc057cdf3eaf9a089d9c77fbab"
    },
    "packrat": {
      "Package": "packrat",
      "Version": "0.5.0-32",
      "Source": "GitHub",
      "RemoteType": "github",
      "RemoteHost": "api.github.com",
      "RemoteRepo": "packrat",
      "RemoteUsername": "rstudio",
      "RemoteRef": "HEAD",
      "RemoteSha": "6dd9d597b2549cc837503916e5b166c5518dc037",
      "Hash": "08059744183c4a91be00f8ff50384e77"
    },
    "pillar": {
      "Package": "pillar",
      "Version": "1.6.1",
      "Source": "CRAN",
      "Hash": "e2b24722e12091e38c754f3dbf02609b"
    },
    "pkgbuild": {
      "Package": "pkgbuild",
      "Version": "1.2.0",
      "Source": "CRAN",
      "Hash": "acc0a061a16d57cdc033dd4a9c0732e4"
    },
    "pkgconfig": {
      "Package": "pkgconfig",
      "Version": "2.0.3",
      "Source": "CRAN",
      "Hash": "587295d4cdb937d4e3cf19bd46829326"
    },
    "pkgload": {
      "Package": "pkgload",
      "Version": "1.2.1",
      "Source": "CRAN",
      "Hash": "2502d0e56c8d743db156a91adac53632"
    },
    "plogr": {
      "Package": "plogr",
      "Version": "0.2.0",
      "Source": "CRAN",
      "Hash": "1a8304cc1382ef64e3b710ba589d7bc0"
    },
    "plotly": {
      "Package": "plotly",
      "Version": "4.9.3",
      "Source": "CRAN",
      "Hash": "a39e783b6e29c6b484feb76b5339008f"
    },
    "plyr": {
      "Package": "plyr",
      "Version": "1.8.6",
      "Source": "CRAN",
      "Hash": "9be1337788b0d7c7ddf52d1cc9466207"
    },
    "png": {
      "Package": "png",
      "Version": "0.1-7",
      "Source": "CRAN",
      "Hash": "2facb7d8929420c91d1ddc8d4636f787"
    },
    "praise": {
      "Package": "praise",
      "Version": "1.0.0",
      "Source": "CRAN",
      "Hash": "3940f2f321d5fa9fb72b8887b0454660"
    },
    "prettyunits": {
      "Package": "prettyunits",
      "Version": "1.1.1",
      "Source": "CRAN",
      "Hash": "a9c856513f34774cadde1bcfb292b815"
    },
    "processx": {
      "Package": "processx",
      "Version": "3.5.2",
      "Source": "CRAN",
      "Hash": "b618e18581d063ccdc5eaaa438192604"
    },
    "promises": {
      "Package": "promises",
      "Version": "1.2.0.9000",
      "Source": "GitHub",
      "RemoteType": "github",
      "RemoteHost": "api.github.com",
      "RemoteRepo": "promises",
      "RemoteUsername": "rstudio",
      "RemoteRef": "HEAD",
      "RemoteSha": "a821b8845f72862f12df9b4926ab7de71880ced7",
      "Hash": "8003753071e7f126b961f14554c68754"
    },
    "ps": {
      "Package": "ps",
      "Version": "1.5.0",
      "Source": "CRAN",
      "Hash": "7a7db5af8368315e943b8f46f8dee5b9"
    },
    "purrr": {
      "Package": "purrr",
      "Version": "0.3.4",
      "Source": "CRAN",
      "Hash": "41c31a6485fe57e9a8b87f97d2828f19"
    },
    "rappdirs": {
      "Package": "rappdirs",
      "Version": "0.3.3",
      "Source": "CRAN",
      "Hash": "3b2db74fa06c2a979f8e0d5a9734b124"
    },
    "raster": {
      "Package": "raster",
      "Version": "3.4-5",
      "Source": "CRAN",
      "Hash": "9322953633ac16915305a05d442a2378"
    },
    "rcmdcheck": {
      "Package": "rcmdcheck",
      "Version": "1.3.3",
      "Source": "CRAN",
      "Hash": "577b91be8aea851ea27aad3585adef05"
    },
    "reactR": {
      "Package": "reactR",
      "Version": "0.4.4",
      "Source": "CRAN",
      "Hash": "a6fbc85c18bb02e7cbbd0cc35575df31"
    },
    "readr": {
      "Package": "readr",
      "Version": "1.4.0",
      "Source": "CRAN",
      "Hash": "d8d5e9a67e4245b9601056a7cfe34037"
    },
    "rematch2": {
      "Package": "rematch2",
      "Version": "2.1.2",
      "Source": "CRAN",
      "Hash": "a6bce21957ef10098d9103f70b62cde2"
    },
    "remotes": {
      "Package": "remotes",
      "Version": "2.3.0.9000",
      "Source": "GitHub",
      "RemoteType": "github",
      "RemoteHost": "api.github.com",
      "RemoteRepo": "remotes",
      "RemoteUsername": "r-lib",
      "RemoteRef": "HEAD",
      "RemoteSha": "427719eb56860e0131f2ad9ac91389ea54625fcb",
      "Hash": "f5670460e54dbe0c054af40f75ff0f72"
    },
    "rintrojs": {
      "Package": "rintrojs",
      "Version": "0.2.2",
      "Source": "CRAN",
      "Hash": "7a1f531340dbcc923b07f6d141ed8a2f"
    },
    "rlang": {
      "Package": "rlang",
      "Version": "0.4.11.9001",
      "Source": "GitHub",
      "RemoteType": "github",
      "RemoteHost": "api.github.com",
      "RemoteRepo": "rlang",
      "RemoteUsername": "r-lib",
      "RemoteRef": "HEAD",
      "RemoteSha": "adc3bb303bb216971263d83b9cf48e538509ba9e",
      "Hash": "e66be06f93cd24104a5ddf673b47d4d7"
    },
    "rmarkdown": {
      "Package": "rmarkdown",
      "Version": "2.8",
      "Source": "CRAN",
      "Hash": "96a84f1350ddfcb3c341dfa0df8dba33"
    },
    "roxygen2": {
      "Package": "roxygen2",
      "Version": "7.1.2",
      "Source": "CRAN",
      "Hash": "e88659c328127a2ff4c3b1e7e6758803"
    },
    "rprojroot": {
      "Package": "rprojroot",
      "Version": "2.0.2",
      "Source": "CRAN",
      "Hash": "ef4687aedc56131bc079e20f9cdb2380"
    },
    "rsconnect": {
      "Package": "rsconnect",
      "Version": "0.8.16-9002",
      "Source": "CRAN",
      "Hash": "d01f9ce2cdf36c4fe5fac79f1279563b"
    },
    "rstudioapi": {
      "Package": "rstudioapi",
      "Version": "0.13",
      "Source": "CRAN",
      "Hash": "8274bb651aabde540e707c96c88815d9"
    },
    "rversions": {
      "Package": "rversions",
      "Version": "2.0.2",
      "Source": "CRAN",
      "Hash": "9541a575f255a1a0418a9523d755efab"
    },
    "sass": {
      "Package": "sass",
      "Version": "0.4.0",
      "Source": "CRAN",
      "Hash": "319fdf3fdd0eefb67d11eb4f8ef5929a"
    },
    "scales": {
      "Package": "scales",
      "Version": "1.1.1",
      "Source": "CRAN",
      "Hash": "24b0d38adb5bf26fb77842b7db4ec5e2"
    },
    "servr": {
      "Package": "servr",
      "Version": "0.21",
      "Source": "CRAN",
      "Hash": "e8bb02c7e7841783a51eb34e9b2f4290"
    },
    "sessioninfo": {
      "Package": "sessioninfo",
      "Version": "1.1.1",
      "Source": "CRAN",
      "Hash": "017efbc7877606b886a2fb3d01c0bbda"
    },
    "sever": {
      "Package": "sever",
      "Version": "0.0.6.9000",
      "Source": "GitHub",
      "RemoteType": "github",
      "RemoteHost": "api.github.com",
      "RemoteRepo": "sever",
      "RemoteUsername": "JohnCoene",
      "RemoteRef": "HEAD",
      "RemoteSha": "75ed2ceeed112e0ea1054b04e666bf69315155f6",
      "Hash": "b779c1c6c4abe89d3c96ed50b8903505"
    },
    "shiny": {
      "Package": "shiny",
      "Version": "1.6.0",
      "Source": "CRAN",
      "Hash": "7174f272175e9e56744612e18adaeaf9"
    },
    "shiny.fluent": {
      "Package": "shiny.fluent",
      "Version": "0.2.0",
      "Source": "GitHub",
      "RemoteType": "github",
      "RemoteHost": "api.github.com",
      "RemoteRepo": "shiny.fluent",
      "RemoteUsername": "Appsilon",
      "RemoteRef": "HEAD",
      "RemoteSha": "b941c0ff1692ff93d8cfdfec6fb6a5354f2f8a30",
      "Hash": "cffc654355219c46494b58509a3c42b4"
    },
    "shiny.react": {
      "Package": "shiny.react",
      "Version": "0.2.3",
      "Source": "CRAN",
      "Hash": "b721a9fa047f57fa450928021a2c323f"
    },
    "shiny.router": {
      "Package": "shiny.router",
      "Version": "0.2.2",
      "Source": "CRAN",
      "Hash": "bf402525137c9c72d3d67b9a0989b454"
    },
    "shinyMobile": {
      "Package": "shinyMobile",
      "Version": "0.9.1",
      "Source": "CRAN",
      "Hash": "4950a298c01174dc420d604149dd6871"
    },
    "shinyWidgets": {
      "Package": "shinyWidgets",
      "Version": "0.5.7",
      "Source": "CRAN",
      "Hash": "e48cbc611d4f173b4c30b88c160b5c93"
    },
    "shinybulma": {
      "Package": "shinybulma",
      "Version": "0.0.2.9000",
      "Source": "GitHub",
      "RemoteType": "github",
      "RemoteHost": "api.github.com",
      "RemoteRepo": "shinybulma",
      "RemoteUsername": "RinteRface",
      "RemoteRef": "HEAD",
      "RemoteSha": "93855e2820cb12d5b2e9f4cb1514f2ec1e15a2d4",
      "Hash": "67b6285b116efe1adfaaf7bfad635118"
    },
    "shinycssloaders": {
      "Package": "shinycssloaders",
      "Version": "1.0.0",
      "Source": "CRAN",
      "Hash": "fa712536ef87d69c3628e4a386d28b9f"
    },
    "shinydashboard": {
      "Package": "shinydashboard",
      "Version": "0.7.1",
      "Source": "CRAN",
      "Hash": "12f87658587a6ea64a67e7d559d6491d"
    },
    "shinydashboardPlus": {
      "Package": "shinydashboardPlus",
      "Version": "2.0.3",
      "Source": "CRAN",
      "Hash": "367e55999740244ed3539b4c8aa7f5a0"
    },
    "shinyjqui": {
      "Package": "shinyjqui",
      "Version": "0.3.3",
      "Source": "CRAN",
      "Hash": "65ed13fdd3f8c8c7633cc1c6d11eeb35"
    },
    "shinyjs": {
      "Package": "shinyjs",
      "Version": "2.0.0",
      "Source": "CRAN",
      "Hash": "5892f600c25e7cc18b607cae75080e22"
    },
    "shinylogs": {
      "Package": "shinylogs",
      "Version": "0.1.7",
      "Source": "CRAN",
      "Hash": "3bad7b16681026af4c21f4d4ded1aa4f"
    },
    "sourcetools": {
      "Package": "sourcetools",
      "Version": "0.1.7",
      "Source": "CRAN",
      "Hash": "fc68fa34b8576eaa5a845a46ad75e214"
    },
    "sp": {
      "Package": "sp",
      "Version": "1.4-5",
      "Source": "CRAN",
      "Hash": "716b95f61670c00db8cc6760da0e4f28"
    },
    "stringi": {
      "Package": "stringi",
      "Version": "1.5.3",
      "Source": "CRAN",
      "Hash": "41529ac25982514de409fe4b4e1e15e6"
    },
    "stringr": {
      "Package": "stringr",
      "Version": "1.4.0.9000",
      "Source": "GitHub",
      "RemoteType": "github",
      "RemoteHost": "api.github.com",
      "RemoteRepo": "stringr",
      "RemoteUsername": "tidyverse",
      "RemoteRef": "master",
      "RemoteSha": "1f03eb02b68922d24bb37b326c85dbae57f7d2f1",
      "Hash": "5ad99acf29cc6041711272c269eb921a"
    },
    "styler": {
      "Package": "styler",
      "Version": "1.3.2",
      "Source": "CRAN",
      "Hash": "96048754bd756a6ca50ab2c0968797df"
    },
    "sys": {
      "Package": "sys",
      "Version": "3.4",
      "Source": "CRAN",
      "Hash": "e20ebcbb82281356bafa932e66e3a1d9"
    },
    "tablerDash": {
      "Package": "tablerDash",
      "Version": "0.1.5",
      "Source": "GitHub",
      "RemoteType": "github",
      "RemoteHost": "api.github.com",
      "RemoteRepo": "tablerDash",
      "RemoteUsername": "RinteRface",
      "RemoteRef": "master",
      "RemoteSha": "341efde25b7c66857b345b95ac648d9d72b4a829",
      "Hash": "eff785cec173f05f30eac073d89f9ea8"
    },
    "testthat": {
      "Package": "testthat",
      "Version": "3.0.2",
      "Source": "CRAN",
      "Hash": "d1d475d13138f7c7758aef18cf23e241"
    },
    "thematic": {
      "Package": "thematic",
      "Version": "0.1.2",
      "Source": "CRAN",
      "Hash": "e0160402d5e7586749e56ff4ed86e3da"
    },
    "tibble": {
      "Package": "tibble",
      "Version": "3.0.5",
      "Source": "CRAN",
      "Hash": "a092486caaa8ec4887b3035108940e25"
    },
    "tidyr": {
      "Package": "tidyr",
      "Version": "1.1.2",
      "Source": "CRAN",
      "Hash": "58280db8fee59eff6d17f82c941827f0"
    },
    "tidyselect": {
      "Package": "tidyselect",
      "Version": "1.1.0",
      "Source": "CRAN",
      "Hash": "06d1742b56f03a21d8c2f0efcc37b178"
    },
    "tinytex": {
      "Package": "tinytex",
      "Version": "0.31",
      "Source": "CRAN",
      "Hash": "eb266467c33e62b3d733cb6ba7d60cc8"
    },
    "tufte": {
      "Package": "tufte",
      "Version": "0.9",
      "Source": "CRAN",
      "Hash": "d009646081411ee2b28cd9fb3f750e4b"
    },
    "usethis": {
      "Package": "usethis",
      "Version": "2.0.1",
      "Source": "CRAN",
      "Hash": "938b9949f13bbf5e972a48e72a06499a"
    },
    "utf8": {
      "Package": "utf8",
      "Version": "1.1.4",
      "Source": "CRAN",
      "Hash": "3f1a5a5b184f63379f8e6c08d5036c53"
    },
    "vctrs": {
      "Package": "vctrs",
      "Version": "0.3.8",
      "Source": "CRAN",
      "Hash": "7b239a3954b7106fcf6da1927b183642"
    },
    "viridis": {
      "Package": "viridis",
      "Version": "0.5.1",
      "Source": "CRAN",
      "Hash": "36f082a7e4f833bd4dc4839c5a8d2a84"
    },
    "viridisLite": {
      "Package": "viridisLite",
      "Version": "0.3.0",
      "Source": "CRAN",
      "Hash": "1f264fa42320c4f44b1689d89101e823"
    },
    "visNetwork": {
      "Package": "visNetwork",
      "Version": "2.0.9",
      "Source": "CRAN",
      "Hash": "941b0d288fc9299f4b507ba38b50b4b9"
    },
    "waiter": {
      "Package": "waiter",
      "Version": "0.2.3",
      "Source": "CRAN",
      "Hash": "de06588e1530f73affe618f718295751"
    },
    "waldo": {
      "Package": "waldo",
      "Version": "0.2.5",
      "Source": "CRAN",
      "Hash": "94d8b7aafe77c20e143209c094a84276"
    },
    "wavesurfer": {
      "Package": "wavesurfer",
      "Version": "0.1.0",
      "Source": "GitHub",
      "RemoteType": "github",
      "RemoteHost": "api.github.com",
      "RemoteRepo": "wavesurfer",
      "RemoteUsername": "Athospd",
      "RemoteRef": "HEAD",
      "RemoteSha": "751705010865e263c2cedc9bea6630c1a5d47f09",
      "Hash": "8763f5725ee9b5cf0612390705a58758"
    },
    "websocket": {
      "Package": "websocket",
      "Version": "1.3.1",
      "Source": "CRAN",
      "Hash": "8a66968fffad1fe2cfa64e72e546ab9c"
    },
    "whisker": {
      "Package": "whisker",
      "Version": "0.4",
      "Source": "CRAN",
      "Hash": "99cb522b4fa9e2cf1592ac5163fd917f"
    },
    "withr": {
      "Package": "withr",
      "Version": "2.4.2",
      "Source": "CRAN",
      "Hash": "31554ef037dd3fede0fe2cd6021f944a"
    },
    "xfun": {
      "Package": "xfun",
      "Version": "0.21.4",
      "Source": "GitHub",
      "RemoteType": "github",
      "RemoteHost": "api.github.com",
      "RemoteRepo": "xfun",
      "RemoteUsername": "yihui",
      "RemoteRef": "HEAD",
      "RemoteSha": "b057fb0c3137991563138eda3e121b95a9e9c8c2",
      "Hash": "460c362fd5c63d84c9d5d39c1a4a5538"
    },
    "xml2": {
      "Package": "xml2",
      "Version": "1.3.2",
      "Source": "CRAN",
      "Hash": "42a8d577426b9f34e7ef669047e9ccda"
    },
    "xopen": {
      "Package": "xopen",
      "Version": "1.0.0",
      "Source": "CRAN",
      "Hash": "ec32d86b4bcfa2cfa648dc0e1e46e24d"
    },
    "xtable": {
      "Package": "xtable",
      "Version": "1.8-4",
      "Source": "CRAN",
      "Hash": "48f60fcc0974ce72870076d48038df2d"
    },
    "yaml": {
      "Package": "yaml",
      "Version": "2.2.1",
      "Source": "CRAN",
      "Hash": "c9c9f45e15849bd83354f9c438816da4"
    },
    "zip": {
      "Package": "zip",
      "Version": "2.1.1",
      "Source": "CRAN",
      "Hash": "ffa24a93aea3a94b4af3359e3cecbd8a"
    },
    "zoo": {
      "Package": "zoo",
      "Version": "1.8-8",
      "Source": "CRAN",
      "Hash": "cfdb2876a9fb9590edfda6938e48368b"
    }
  }
}
